
Microsoft Visual Studio Solution File, Format Version 12.00
# Visual Studio Version 17
VisualStudioVersion = 17.6.33801.468
MinimumVisualStudioVersion = 10.0.40219.1
Project("{2150E333-8FDC-42A3-9474-1A3956D46DE8}") = "2022", "2022", "{897D3A24-2B4D-4B3D-A3E7-71E6CF4E1B54}"
EndProject
Project("{9A19103F-16F7-4668-BE54-9A1E7A4F7556}") = "Day_01", "2022\Day_01\Day_01.csproj", "{6779028C-9534-43D7-90C0-8D7F35F300CC}"
EndProject
Project("{9A19103F-16F7-4668-BE54-9A1E7A4F7556}") = "Day_02", "2022\Day_02\Day_02.csproj", "{C7DF96DA-36AB-4EC0-BD83-9217F45F0A2D}"
EndProject
Project("{FAE04EC0-301F-11D3-BF4B-00C04F79EFBC}") = "Day_03", "2022\Day_03\Day_03.csproj", "{DE4524F1-0FA2-42BB-AC19-D0D64132B36B}"
EndProject
Global
	GlobalSection(SolutionConfigurationPlatforms) = preSolution
		Debug|Any CPU = Debug|Any CPU
		Release|Any CPU = Release|Any CPU
	EndGlobalSection
	GlobalSection(ProjectConfigurationPlatforms) = postSolution
		{6779028C-9534-43D7-90C0-8D7F35F300CC}.Debug|Any CPU.ActiveCfg = Debug|Any CPU
		{6779028C-9534-43D7-90C0-8D7F35F300CC}.Debug|Any CPU.Build.0 = Debug|Any CPU
		{6779028C-9534-43D7-90C0-8D7F35F300CC}.Release|Any CPU.ActiveCfg = Release|Any CPU
		{6779028C-9534-43D7-90C0-8D7F35F300CC}.Release|Any CPU.Build.0 = Release|Any CPU
		{C7DF96DA-36AB-4EC0-BD83-9217F45F0A2D}.Debug|Any CPU.ActiveCfg = Debug|Any CPU
		{C7DF96DA-36AB-4EC0-BD83-9217F45F0A2D}.Debug|Any CPU.Build.0 = Debug|Any CPU
		{C7DF96DA-36AB-4EC0-BD83-9217F45F0A2D}.Release|Any CPU.ActiveCfg = Release|Any CPU
		{C7DF96DA-36AB-4EC0-BD83-9217F45F0A2D}.Release|Any CPU.Build.0 = Release|Any CPU
		{DE4524F1-0FA2-42BB-AC19-D0D64132B36B}.Debug|Any CPU.ActiveCfg = Debug|Any CPU
		{DE4524F1-0FA2-42BB-AC19-D0D64132B36B}.Debug|Any CPU.Build.0 = Debug|Any CPU
		{DE4524F1-0FA2-42BB-AC19-D0D64132B36B}.Release|Any CPU.ActiveCfg = Release|Any CPU
		{DE4524F1-0FA2-42BB-AC19-D0D64132B36B}.Release|Any CPU.Build.0 = Release|Any CPU
	EndGlobalSection
	GlobalSection(SolutionProperties) = preSolution
		HideSolutionNode = FALSE
	EndGlobalSection
	GlobalSection(NestedProjects) = preSolution
		{6779028C-9534-43D7-90C0-8D7F35F300CC} = {897D3A24-2B4D-4B3D-A3E7-71E6CF4E1B54}
		{C7DF96DA-36AB-4EC0-BD83-9217F45F0A2D} = {897D3A24-2B4D-4B3D-A3E7-71E6CF4E1B54}
		{DE4524F1-0FA2-42BB-AC19-D0D64132B36B} = {897D3A24-2B4D-4B3D-A3E7-71E6CF4E1B54}
	EndGlobalSection
	GlobalSection(ExtensibilityGlobals) = postSolution
		SolutionGuid = {32C7D8EC-2184-49FF-AD69-E61E988F0812}
	EndGlobalSection
EndGlobal
